// !$*UTF8*$!
{
	archiveVersion = 1;
	classes = {
	};
	objectVersion = 56;
	objects = {

/* Begin PBXBuildFile section */
		71158E23291C013100E96D95 /* AppDelegate.swift in Sources */ = {isa = PBXBuildFile; fileRef = 71158E22291C013100E96D95 /* AppDelegate.swift */; };
		71158E25291C013100E96D95 /* SceneDelegate.swift in Sources */ = {isa = PBXBuildFile; fileRef = 71158E24291C013100E96D95 /* SceneDelegate.swift */; };
		71158E2A291C013100E96D95 /* Main.storyboard in Resources */ = {isa = PBXBuildFile; fileRef = 71158E28291C013100E96D95 /* Main.storyboard */; };
		71158E2C291C013200E96D95 /* Assets.xcassets in Resources */ = {isa = PBXBuildFile; fileRef = 71158E2B291C013200E96D95 /* Assets.xcassets */; };
		71158E2F291C013200E96D95 /* LaunchScreen.storyboard in Resources */ = {isa = PBXBuildFile; fileRef = 71158E2D291C013200E96D95 /* LaunchScreen.storyboard */; };
		711ED2A8291FCA700007D9AA /* AuthService.swift in Sources */ = {isa = PBXBuildFile; fileRef = 711ED2A7291FCA700007D9AA /* AuthService.swift */; };
		713DB769291C136500063F5D /* MainTabBarController.swift in Sources */ = {isa = PBXBuildFile; fileRef = 713DB768291C136500063F5D /* MainTabBarController.swift */; };
		713DB76C291C146A00063F5D /* FeedController.swift in Sources */ = {isa = PBXBuildFile; fileRef = 713DB76B291C146A00063F5D /* FeedController.swift */; };
		713DB771291C158E00063F5D /* ExploreController.swift in Sources */ = {isa = PBXBuildFile; fileRef = 713DB770291C158E00063F5D /* ExploreController.swift */; };
		713DB773291C15B400063F5D /* NotificationsController.swift in Sources */ = {isa = PBXBuildFile; fileRef = 713DB772291C15B400063F5D /* NotificationsController.swift */; };
		713DB775291C15CE00063F5D /* ConversationsController.swift in Sources */ = {isa = PBXBuildFile; fileRef = 713DB774291C15CE00063F5D /* ConversationsController.swift */; };
		713DB778291C1BFA00063F5D /* Extensions+Layout.swift in Sources */ = {isa = PBXBuildFile; fileRef = 713DB777291C1BFA00063F5D /* Extensions+Layout.swift */; };
		716BADAB291ED289008C6F69 /* Constants.swift in Sources */ = {isa = PBXBuildFile; fileRef = 716BADAA291ED289008C6F69 /* Constants.swift */; };
		7194196B291CE6ED0009E5D7 /* LoginController.swift in Sources */ = {isa = PBXBuildFile; fileRef = 7194196A291CE6ED0009E5D7 /* LoginController.swift */; };
		7194196E291CE7ED0009E5D7 /* RegistrationController.swift in Sources */ = {isa = PBXBuildFile; fileRef = 7194196D291CE7ED0009E5D7 /* RegistrationController.swift */; };
		71941971291CF0C70009E5D7 /* Utilities.swift in Sources */ = {isa = PBXBuildFile; fileRef = 71941970291CF0C70009E5D7 /* Utilities.swift */; };
		71A22634291E434000FDBF43 /* GoogleService-Info.plist in Resources */ = {isa = PBXBuildFile; fileRef = 71A22633291E434000FDBF43 /* GoogleService-Info.plist */; };
		71A22637291E444B00FDBF43 /* FirebaseAuth in Frameworks */ = {isa = PBXBuildFile; productRef = 71A22636291E444B00FDBF43 /* FirebaseAuth */; };
		71A22639291E444B00FDBF43 /* FirebaseDatabase in Frameworks */ = {isa = PBXBuildFile; productRef = 71A22638291E444B00FDBF43 /* FirebaseDatabase */; };
		71A2263B291E444B00FDBF43 /* FirebaseFirestore in Frameworks */ = {isa = PBXBuildFile; productRef = 71A2263A291E444B00FDBF43 /* FirebaseFirestore */; };
		71A2263D291E444B00FDBF43 /* FirebaseStorage in Frameworks */ = {isa = PBXBuildFile; productRef = 71A2263C291E444B00FDBF43 /* FirebaseStorage */; };
		71CB7F6A292147DB006E0715 /* UserService.swift in Sources */ = {isa = PBXBuildFile; fileRef = 71CB7F69292147DB006E0715 /* UserService.swift */; };
		71CB7F6C29214B88006E0715 /* User.swift in Sources */ = {isa = PBXBuildFile; fileRef = 71CB7F6B29214B88006E0715 /* User.swift */; };
		71CB7F70292171AD006E0715 /* SDWebImage in Frameworks */ = {isa = PBXBuildFile; productRef = 71CB7F6F292171AD006E0715 /* SDWebImage */; };
/* End PBXBuildFile section */

/* Begin PBXFileReference section */
		71158E1F291C013100E96D95 /* TwitterClone.app */ = {isa = PBXFileReference; explicitFileType = wrapper.application; includeInIndex = 0; path = TwitterClone.app; sourceTree = BUILT_PRODUCTS_DIR; };
		71158E22291C013100E96D95 /* AppDelegate.swift */ = {isa = PBXFileReference; lastKnownFileType = sourcecode.swift; path = AppDelegate.swift; sourceTree = "<group>"; };
		71158E24291C013100E96D95 /* SceneDelegate.swift */ = {isa = PBXFileReference; lastKnownFileType = sourcecode.swift; path = SceneDelegate.swift; sourceTree = "<group>"; };
		71158E29291C013100E96D95 /* Base */ = {isa = PBXFileReference; lastKnownFileType = file.storyboard; name = Base; path = Base.lproj/Main.storyboard; sourceTree = "<group>"; };
		71158E2B291C013200E96D95 /* Assets.xcassets */ = {isa = PBXFileReference; lastKnownFileType = folder.assetcatalog; path = Assets.xcassets; sourceTree = "<group>"; };
		71158E2E291C013200E96D95 /* Base */ = {isa = PBXFileReference; lastKnownFileType = file.storyboard; name = Base; path = Base.lproj/LaunchScreen.storyboard; sourceTree = "<group>"; };
		71158E30291C013200E96D95 /* Info.plist */ = {isa = PBXFileReference; lastKnownFileType = text.plist.xml; path = Info.plist; sourceTree = "<group>"; };
		711ED2A7291FCA700007D9AA /* AuthService.swift */ = {isa = PBXFileReference; lastKnownFileType = sourcecode.swift; path = AuthService.swift; sourceTree = "<group>"; };
		713DB768291C136500063F5D /* MainTabBarController.swift */ = {isa = PBXFileReference; lastKnownFileType = sourcecode.swift; path = MainTabBarController.swift; sourceTree = "<group>"; };
		713DB76B291C146A00063F5D /* FeedController.swift */ = {isa = PBXFileReference; lastKnownFileType = sourcecode.swift; path = FeedController.swift; sourceTree = "<group>"; };
		713DB770291C158E00063F5D /* ExploreController.swift */ = {isa = PBXFileReference; lastKnownFileType = sourcecode.swift; path = ExploreController.swift; sourceTree = "<group>"; };
		713DB772291C15B400063F5D /* NotificationsController.swift */ = {isa = PBXFileReference; lastKnownFileType = sourcecode.swift; path = NotificationsController.swift; sourceTree = "<group>"; };
		713DB774291C15CE00063F5D /* ConversationsController.swift */ = {isa = PBXFileReference; lastKnownFileType = sourcecode.swift; path = ConversationsController.swift; sourceTree = "<group>"; };
		713DB777291C1BFA00063F5D /* Extensions+Layout.swift */ = {isa = PBXFileReference; fileEncoding = 4; lastKnownFileType = sourcecode.swift; path = "Extensions+Layout.swift"; sourceTree = "<group>"; };
		716BADAA291ED289008C6F69 /* Constants.swift */ = {isa = PBXFileReference; lastKnownFileType = sourcecode.swift; path = Constants.swift; sourceTree = "<group>"; };
		7194196A291CE6ED0009E5D7 /* LoginController.swift */ = {isa = PBXFileReference; lastKnownFileType = sourcecode.swift; path = LoginController.swift; sourceTree = "<group>"; };
		7194196D291CE7ED0009E5D7 /* RegistrationController.swift */ = {isa = PBXFileReference; lastKnownFileType = sourcecode.swift; path = RegistrationController.swift; sourceTree = "<group>"; };
		71941970291CF0C70009E5D7 /* Utilities.swift */ = {isa = PBXFileReference; lastKnownFileType = sourcecode.swift; path = Utilities.swift; sourceTree = "<group>"; };
		71A22633291E434000FDBF43 /* GoogleService-Info.plist */ = {isa = PBXFileReference; lastKnownFileType = text.plist; path = "GoogleService-Info.plist"; sourceTree = SOURCE_ROOT; };
		71CB7F69292147DB006E0715 /* UserService.swift */ = {isa = PBXFileReference; lastKnownFileType = sourcecode.swift; path = UserService.swift; sourceTree = "<group>"; };
		71CB7F6B29214B88006E0715 /* User.swift */ = {isa = PBXFileReference; lastKnownFileType = sourcecode.swift; path = User.swift; sourceTree = "<group>"; };
/* End PBXFileReference section */

/* Begin PBXFrameworksBuildPhase section */
		71158E1C291C013100E96D95 /* Frameworks */ = {
			isa = PBXFrameworksBuildPhase;
			buildActionMask = 2147483647;
			files = (
				71A22639291E444B00FDBF43 /* FirebaseDatabase in Frameworks */,
				71A2263D291E444B00FDBF43 /* FirebaseStorage in Frameworks */,
				71A22637291E444B00FDBF43 /* FirebaseAuth in Frameworks */,
				71A2263B291E444B00FDBF43 /* FirebaseFirestore in Frameworks */,
				71CB7F70292171AD006E0715 /* SDWebImage in Frameworks */,
			);
			runOnlyForDeploymentPostprocessing = 0;
		};
/* End PBXFrameworksBuildPhase section */

/* Begin PBXGroup section */
		71158E16291C013100E96D95 = {
			isa = PBXGroup;
			children = (
				71158E21291C013100E96D95 /* TwitterClone */,
				71158E20291C013100E96D95 /* Products */,
			);
			sourceTree = "<group>";
		};
		71158E20291C013100E96D95 /* Products */ = {
			isa = PBXGroup;
			children = (
				71158E1F291C013100E96D95 /* TwitterClone.app */,
			);
			name = Products;
			sourceTree = "<group>";
		};
		71158E21291C013100E96D95 /* TwitterClone */ = {
			isa = PBXGroup;
			children = (
				713DB762291C127400063F5D /* Core */,
				713DB761291C127100063F5D /* Screen */,
			);
			path = TwitterClone;
			sourceTree = "<group>";
		};
		711ED2A6291FCA5A0007D9AA /* API */ = {
			isa = PBXGroup;
			children = (
				711ED2A7291FCA700007D9AA /* AuthService.swift */,
				71CB7F69292147DB006E0715 /* UserService.swift */,
			);
			path = API;
			sourceTree = "<group>";
		};
		713DB761291C127100063F5D /* Screen */ = {
			isa = PBXGroup;
			children = (
				71941969291CE6CA0009E5D7 /* LoginScreen */,
				7194196C291CE7CA0009E5D7 /* RegistrationScreen */,
				713DB76A291C145200063F5D /* FeedScreen */,
				713DB76F291C14BE00063F5D /* ExploreScreen */,
				713DB76E291C14BA00063F5D /* NotificationsScreen */,
				713DB76D291C14B700063F5D /* ConversationsScreen */,
				713DB767291C134E00063F5D /* MainTabBar */,
			);
			path = Screen;
			sourceTree = "<group>";
		};
		713DB762291C127400063F5D /* Core */ = {
			isa = PBXGroup;
			children = (
				71CB7F6D29214B90006E0715 /* Model */,
				711ED2A6291FCA5A0007D9AA /* API */,
				7194196F291CF0B30009E5D7 /* Utils */,
				713DB776291C1BE400063F5D /* Extensions */,
				713DB766291C12AC00063F5D /* Storyboards */,
				713DB765291C12A000063F5D /* Plists */,
				713DB764291C129500063F5D /* Assets */,
				713DB763291C128600063F5D /* Delegates */,
			);
			path = Core;
			sourceTree = "<group>";
		};
		713DB763291C128600063F5D /* Delegates */ = {
			isa = PBXGroup;
			children = (
				71158E22291C013100E96D95 /* AppDelegate.swift */,
				71158E24291C013100E96D95 /* SceneDelegate.swift */,
			);
			path = Delegates;
			sourceTree = "<group>";
		};
		713DB764291C129500063F5D /* Assets */ = {
			isa = PBXGroup;
			children = (
				71158E2B291C013200E96D95 /* Assets.xcassets */,
			);
			path = Assets;
			sourceTree = "<group>";
		};
		713DB765291C12A000063F5D /* Plists */ = {
			isa = PBXGroup;
			children = (
				71158E30291C013200E96D95 /* Info.plist */,
				71A22633291E434000FDBF43 /* GoogleService-Info.plist */,
			);
			path = Plists;
			sourceTree = "<group>";
		};
		713DB766291C12AC00063F5D /* Storyboards */ = {
			isa = PBXGroup;
			children = (
				71158E28291C013100E96D95 /* Main.storyboard */,
				71158E2D291C013200E96D95 /* LaunchScreen.storyboard */,
			);
			path = Storyboards;
			sourceTree = "<group>";
		};
		713DB767291C134E00063F5D /* MainTabBar */ = {
			isa = PBXGroup;
			children = (
				713DB768291C136500063F5D /* MainTabBarController.swift */,
			);
			path = MainTabBar;
			sourceTree = "<group>";
		};
		713DB76A291C145200063F5D /* FeedScreen */ = {
			isa = PBXGroup;
			children = (
				713DB76B291C146A00063F5D /* FeedController.swift */,
			);
			path = FeedScreen;
			sourceTree = "<group>";
		};
		713DB76D291C14B700063F5D /* ConversationsScreen */ = {
			isa = PBXGroup;
			children = (
				713DB774291C15CE00063F5D /* ConversationsController.swift */,
			);
			path = ConversationsScreen;
			sourceTree = "<group>";
		};
		713DB76E291C14BA00063F5D /* NotificationsScreen */ = {
			isa = PBXGroup;
			children = (
				713DB772291C15B400063F5D /* NotificationsController.swift */,
			);
			path = NotificationsScreen;
			sourceTree = "<group>";
		};
		713DB76F291C14BE00063F5D /* ExploreScreen */ = {
			isa = PBXGroup;
			children = (
				713DB770291C158E00063F5D /* ExploreController.swift */,
			);
			path = ExploreScreen;
			sourceTree = "<group>";
		};
		713DB776291C1BE400063F5D /* Extensions */ = {
			isa = PBXGroup;
			children = (
				713DB777291C1BFA00063F5D /* Extensions+Layout.swift */,
			);
			path = Extensions;
			sourceTree = "<group>";
		};
		71941969291CE6CA0009E5D7 /* LoginScreen */ = {
			isa = PBXGroup;
			children = (
				7194196A291CE6ED0009E5D7 /* LoginController.swift */,
			);
			path = LoginScreen;
			sourceTree = "<group>";
		};
		7194196C291CE7CA0009E5D7 /* RegistrationScreen */ = {
			isa = PBXGroup;
			children = (
				7194196D291CE7ED0009E5D7 /* RegistrationController.swift */,
			);
			path = RegistrationScreen;
			sourceTree = "<group>";
		};
		7194196F291CF0B30009E5D7 /* Utils */ = {
			isa = PBXGroup;
			children = (
				71941970291CF0C70009E5D7 /* Utilities.swift */,
				716BADAA291ED289008C6F69 /* Constants.swift */,
			);
			path = Utils;
			sourceTree = "<group>";
		};
		71CB7F6D29214B90006E0715 /* Model */ = {
			isa = PBXGroup;
			children = (
				71CB7F6B29214B88006E0715 /* User.swift */,
			);
			path = Model;
			sourceTree = "<group>";
		};
/* End PBXGroup section */

/* Begin PBXNativeTarget section */
		71158E1E291C013100E96D95 /* TwitterClone */ = {
			isa = PBXNativeTarget;
			buildConfigurationList = 71158E33291C013200E96D95 /* Build configuration list for PBXNativeTarget "TwitterClone" */;
			buildPhases = (
				71158E1B291C013100E96D95 /* Sources */,
				71158E1C291C013100E96D95 /* Frameworks */,
				71158E1D291C013100E96D95 /* Resources */,
			);
			buildRules = (
			);
			dependencies = (
			);
			name = TwitterClone;
			packageProductDependencies = (
				71A22636291E444B00FDBF43 /* FirebaseAuth */,
				71A22638291E444B00FDBF43 /* FirebaseDatabase */,
				71A2263A291E444B00FDBF43 /* FirebaseFirestore */,
				71A2263C291E444B00FDBF43 /* FirebaseStorage */,
				71CB7F6F292171AD006E0715 /* SDWebImage */,
			);
			productName = TwitterClone;
			productReference = 71158E1F291C013100E96D95 /* TwitterClone.app */;
			productType = "com.apple.product-type.application";
		};
/* End PBXNativeTarget section */

/* Begin PBXProject section */
		71158E17291C013100E96D95 /* Project object */ = {
			isa = PBXProject;
			attributes = {
				BuildIndependentTargetsInParallel = 1;
				LastSwiftUpdateCheck = 1400;
				LastUpgradeCheck = 1400;
				TargetAttributes = {
					71158E1E291C013100E96D95 = {
						CreatedOnToolsVersion = 14.0;
					};
				};
			};
			buildConfigurationList = 71158E1A291C013100E96D95 /* Build configuration list for PBXProject "TwitterClone" */;
			compatibilityVersion = "Xcode 14.0";
			developmentRegion = en;
			hasScannedForEncodings = 0;
			knownRegions = (
				en,
				Base,
			);
			mainGroup = 71158E16291C013100E96D95;
			packageReferences = (
				71A22635291E444B00FDBF43 /* XCRemoteSwiftPackageReference "firebase-ios-sdk" */,
				71CB7F6E292171AD006E0715 /* XCRemoteSwiftPackageReference "SDWebImage" */,
			);
			productRefGroup = 71158E20291C013100E96D95 /* Products */;
			projectDirPath = "";
			projectRoot = "";
			targets = (
				71158E1E291C013100E96D95 /* TwitterClone */,
			);
		};
/* End PBXProject section */

/* Begin PBXResourcesBuildPhase section */
		71158E1D291C013100E96D95 /* Resources */ = {
			isa = PBXResourcesBuildPhase;
			buildActionMask = 2147483647;
			files = (
				71158E2F291C013200E96D95 /* LaunchScreen.storyboard in Resources */,
				71A22634291E434000FDBF43 /* GoogleService-Info.plist in Resources */,
				71158E2C291C013200E96D95 /* Assets.xcassets in Resources */,
				71158E2A291C013100E96D95 /* Main.storyboard in Resources */,
			);
			runOnlyForDeploymentPostprocessing = 0;
		};
/* End PBXResourcesBuildPhase section */

/* Begin PBXSourcesBuildPhase section */
		71158E1B291C013100E96D95 /* Sources */ = {
			isa = PBXSourcesBuildPhase;
			buildActionMask = 2147483647;
			files = (
				71CB7F6C29214B88006E0715 /* User.swift in Sources */,
				71CB7F6A292147DB006E0715 /* UserService.swift in Sources */,
				713DB773291C15B400063F5D /* NotificationsController.swift in Sources */,
				713DB775291C15CE00063F5D /* ConversationsController.swift in Sources */,
				71941971291CF0C70009E5D7 /* Utilities.swift in Sources */,
				71158E23291C013100E96D95 /* AppDelegate.swift in Sources */,
				713DB778291C1BFA00063F5D /* Extensions+Layout.swift in Sources */,
				7194196B291CE6ED0009E5D7 /* LoginController.swift in Sources */,
				711ED2A8291FCA700007D9AA /* AuthService.swift in Sources */,
				713DB771291C158E00063F5D /* ExploreController.swift in Sources */,
				71158E25291C013100E96D95 /* SceneDelegate.swift in Sources */,
				713DB769291C136500063F5D /* MainTabBarController.swift in Sources */,
				7194196E291CE7ED0009E5D7 /* RegistrationController.swift in Sources */,
				713DB76C291C146A00063F5D /* FeedController.swift in Sources */,
				716BADAB291ED289008C6F69 /* Constants.swift in Sources */,
			);
			runOnlyForDeploymentPostprocessing = 0;
		};
/* End PBXSourcesBuildPhase section */

/* Begin PBXVariantGroup section */
		71158E28291C013100E96D95 /* Main.storyboard */ = {
			isa = PBXVariantGroup;
			children = (
				71158E29291C013100E96D95 /* Base */,
			);
			name = Main.storyboard;
			sourceTree = "<group>";
		};
		71158E2D291C013200E96D95 /* LaunchScreen.storyboard */ = {
			isa = PBXVariantGroup;
			children = (
				71158E2E291C013200E96D95 /* Base */,
			);
			name = LaunchScreen.storyboard;
			sourceTree = "<group>";
		};
/* End PBXVariantGroup section */

/* Begin XCBuildConfiguration section */
		71158E31291C013200E96D95 /* Debug */ = {
			isa = XCBuildConfiguration;
			buildSettings = {
				ALWAYS_SEARCH_USER_PATHS = NO;
				CLANG_ANALYZER_NONNULL = YES;
				CLANG_ANALYZER_NUMBER_OBJECT_CONVERSION = YES_AGGRESSIVE;
				CLANG_CXX_LANGUAGE_STANDARD = "gnu++20";
				CLANG_ENABLE_MODULES = YES;
				CLANG_ENABLE_OBJC_ARC = YES;
				CLANG_ENABLE_OBJC_WEAK = YES;
				CLANG_WARN_BLOCK_CAPTURE_AUTORELEASING = YES;
				CLANG_WARN_BOOL_CONVERSION = YES;
				CLANG_WARN_COMMA = YES;
				CLANG_WARN_CONSTANT_CONVERSION = YES;
				CLANG_WARN_DEPRECATED_OBJC_IMPLEMENTATIONS = YES;
				CLANG_WARN_DIRECT_OBJC_ISA_USAGE = YES_ERROR;
				CLANG_WARN_DOCUMENTATION_COMMENTS = YES;
				CLANG_WARN_EMPTY_BODY = YES;
				CLANG_WARN_ENUM_CONVERSION = YES;
				CLANG_WARN_INFINITE_RECURSION = YES;
				CLANG_WARN_INT_CONVERSION = YES;
				CLANG_WARN_NON_LITERAL_NULL_CONVERSION = YES;
				CLANG_WARN_OBJC_IMPLICIT_RETAIN_SELF = YES;
				CLANG_WARN_OBJC_LITERAL_CONVERSION = YES;
				CLANG_WARN_OBJC_ROOT_CLASS = YES_ERROR;
				CLANG_WARN_QUOTED_INCLUDE_IN_FRAMEWORK_HEADER = YES;
				CLANG_WARN_RANGE_LOOP_ANALYSIS = YES;
				CLANG_WARN_STRICT_PROTOTYPES = YES;
				CLANG_WARN_SUSPICIOUS_MOVE = YES;
				CLANG_WARN_UNGUARDED_AVAILABILITY = YES_AGGRESSIVE;
				CLANG_WARN_UNREACHABLE_CODE = YES;
				CLANG_WARN__DUPLICATE_METHOD_MATCH = YES;
				COPY_PHASE_STRIP = NO;
				DEBUG_INFORMATION_FORMAT = dwarf;
				ENABLE_STRICT_OBJC_MSGSEND = YES;
				ENABLE_TESTABILITY = YES;
				GCC_C_LANGUAGE_STANDARD = gnu11;
				GCC_DYNAMIC_NO_PIC = NO;
				GCC_NO_COMMON_BLOCKS = YES;
				GCC_OPTIMIZATION_LEVEL = 0;
				GCC_PREPROCESSOR_DEFINITIONS = (
					"DEBUG=1",
					"$(inherited)",
				);
				GCC_WARN_64_TO_32_BIT_CONVERSION = YES;
				GCC_WARN_ABOUT_RETURN_TYPE = YES_ERROR;
				GCC_WARN_UNDECLARED_SELECTOR = YES;
				GCC_WARN_UNINITIALIZED_AUTOS = YES_AGGRESSIVE;
				GCC_WARN_UNUSED_FUNCTION = YES;
				GCC_WARN_UNUSED_VARIABLE = YES;
				IPHONEOS_DEPLOYMENT_TARGET = 16.0;
				MTL_ENABLE_DEBUG_INFO = INCLUDE_SOURCE;
				MTL_FAST_MATH = YES;
				ONLY_ACTIVE_ARCH = YES;
				SDKROOT = iphoneos;
				SWIFT_ACTIVE_COMPILATION_CONDITIONS = DEBUG;
				SWIFT_OPTIMIZATION_LEVEL = "-Onone";
			};
			name = Debug;
		};
		71158E32291C013200E96D95 /* Release */ = {
			isa = XCBuildConfiguration;
			buildSettings = {
				ALWAYS_SEARCH_USER_PATHS = NO;
				CLANG_ANALYZER_NONNULL = YES;
				CLANG_ANALYZER_NUMBER_OBJECT_CONVERSION = YES_AGGRESSIVE;
				CLANG_CXX_LANGUAGE_STANDARD = "gnu++20";
				CLANG_ENABLE_MODULES = YES;
				CLANG_ENABLE_OBJC_ARC = YES;
				CLANG_ENABLE_OBJC_WEAK = YES;
				CLANG_WARN_BLOCK_CAPTURE_AUTORELEASING = YES;
				CLANG_WARN_BOOL_CONVERSION = YES;
				CLANG_WARN_COMMA = YES;
				CLANG_WARN_CONSTANT_CONVERSION = YES;
				CLANG_WARN_DEPRECATED_OBJC_IMPLEMENTATIONS = YES;
				CLANG_WARN_DIRECT_OBJC_ISA_USAGE = YES_ERROR;
				CLANG_WARN_DOCUMENTATION_COMMENTS = YES;
				CLANG_WARN_EMPTY_BODY = YES;
				CLANG_WARN_ENUM_CONVERSION = YES;
				CLANG_WARN_INFINITE_RECURSION = YES;
				CLANG_WARN_INT_CONVERSION = YES;
				CLANG_WARN_NON_LITERAL_NULL_CONVERSION = YES;
				CLANG_WARN_OBJC_IMPLICIT_RETAIN_SELF = YES;
				CLANG_WARN_OBJC_LITERAL_CONVERSION = YES;
				CLANG_WARN_OBJC_ROOT_CLASS = YES_ERROR;
				CLANG_WARN_QUOTED_INCLUDE_IN_FRAMEWORK_HEADER = YES;
				CLANG_WARN_RANGE_LOOP_ANALYSIS = YES;
				CLANG_WARN_STRICT_PROTOTYPES = YES;
				CLANG_WARN_SUSPICIOUS_MOVE = YES;
				CLANG_WARN_UNGUARDED_AVAILABILITY = YES_AGGRESSIVE;
				CLANG_WARN_UNREACHABLE_CODE = YES;
				CLANG_WARN__DUPLICATE_METHOD_MATCH = YES;
				COPY_PHASE_STRIP = NO;
				DEBUG_INFORMATION_FORMAT = "dwarf-with-dsym";
				ENABLE_NS_ASSERTIONS = NO;
				ENABLE_STRICT_OBJC_MSGSEND = YES;
				GCC_C_LANGUAGE_STANDARD = gnu11;
				GCC_NO_COMMON_BLOCKS = YES;
				GCC_WARN_64_TO_32_BIT_CONVERSION = YES;
				GCC_WARN_ABOUT_RETURN_TYPE = YES_ERROR;
				GCC_WARN_UNDECLARED_SELECTOR = YES;
				GCC_WARN_UNINITIALIZED_AUTOS = YES_AGGRESSIVE;
				GCC_WARN_UNUSED_FUNCTION = YES;
				GCC_WARN_UNUSED_VARIABLE = YES;
				IPHONEOS_DEPLOYMENT_TARGET = 16.0;
				MTL_ENABLE_DEBUG_INFO = NO;
				MTL_FAST_MATH = YES;
				SDKROOT = iphoneos;
				SWIFT_COMPILATION_MODE = wholemodule;
				SWIFT_OPTIMIZATION_LEVEL = "-O";
				VALIDATE_PRODUCT = YES;
			};
			name = Release;
		};
		71158E34291C013200E96D95 /* Debug */ = {
			isa = XCBuildConfiguration;
			buildSettings = {
				ASSETCATALOG_COMPILER_APPICON_NAME = AppIcon;
				ASSETCATALOG_COMPILER_GLOBAL_ACCENT_COLOR_NAME = AccentColor;
				CODE_SIGN_STYLE = Automatic;
				CURRENT_PROJECT_VERSION = 1;
				DEVELOPMENT_TEAM = FAHJ57W2W9;
				GENERATE_INFOPLIST_FILE = YES;
				INFOPLIST_FILE = TwitterClone/Core/Plists/Info.plist;
				INFOPLIST_KEY_UIApplicationSupportsIndirectInputEvents = YES;
				INFOPLIST_KEY_UILaunchStoryboardName = LaunchScreen;
				INFOPLIST_KEY_UIMainStoryboardFile = Main;
				INFOPLIST_KEY_UISupportedInterfaceOrientations_iPad = "UIInterfaceOrientationPortrait UIInterfaceOrientationPortraitUpsideDown UIInterfaceOrientationLandscapeLeft UIInterfaceOrientationLandscapeRight";
				INFOPLIST_KEY_UISupportedInterfaceOrientations_iPhone = "UIInterfaceOrientationPortrait UIInterfaceOrientationLandscapeLeft UIInterfaceOrientationLandscapeRight";
				LD_RUNPATH_SEARCH_PATHS = (
					"$(inherited)",
					"@executable_path/Frameworks",
				);
				MARKETING_VERSION = 1.0;
				PRODUCT_BUNDLE_IDENTIFIER = com.oguzhankin.TwitterClone;
				PRODUCT_NAME = "$(TARGET_NAME)";
				SWIFT_EMIT_LOC_STRINGS = YES;
				SWIFT_VERSION = 5.0;
				TARGETED_DEVICE_FAMILY = "1,2";
			};
			name = Debug;
		};
		71158E35291C013200E96D95 /* Release */ = {
			isa = XCBuildConfiguration;
			buildSettings = {
				ASSETCATALOG_COMPILER_APPICON_NAME = AppIcon;
				ASSETCATALOG_COMPILER_GLOBAL_ACCENT_COLOR_NAME = AccentColor;
				CODE_SIGN_STYLE = Automatic;
				CURRENT_PROJECT_VERSION = 1;
				DEVELOPMENT_TEAM = FAHJ57W2W9;
				GENERATE_INFOPLIST_FILE = YES;
				INFOPLIST_FILE = TwitterClone/Core/Plists/Info.plist;
				INFOPLIST_KEY_UIApplicationSupportsIndirectInputEvents = YES;
				INFOPLIST_KEY_UILaunchStoryboardName = LaunchScreen;
				INFOPLIST_KEY_UIMainStoryboardFile = Main;
				INFOPLIST_KEY_UISupportedInterfaceOrientations_iPad = "UIInterfaceOrientationPortrait UIInterfaceOrientationPortraitUpsideDown UIInterfaceOrientationLandscapeLeft UIInterfaceOrientationLandscapeRight";
				INFOPLIST_KEY_UISupportedInterfaceOrientations_iPhone = "UIInterfaceOrientationPortrait UIInterfaceOrientationLandscapeLeft UIInterfaceOrientationLandscapeRight";
				LD_RUNPATH_SEARCH_PATHS = (
					"$(inherited)",
					"@executable_path/Frameworks",
				);
				MARKETING_VERSION = 1.0;
				PRODUCT_BUNDLE_IDENTIFIER = com.oguzhankin.TwitterClone;
				PRODUCT_NAME = "$(TARGET_NAME)";
				SWIFT_EMIT_LOC_STRINGS = YES;
				SWIFT_VERSION = 5.0;
				TARGETED_DEVICE_FAMILY = "1,2";
			};
			name = Release;
		};
/* End XCBuildConfiguration section */

/* Begin XCConfigurationList section */
		71158E1A291C013100E96D95 /* Build configuration list for PBXProject "TwitterClone" */ = {
			isa = XCConfigurationList;
			buildConfigurations = (
				71158E31291C013200E96D95 /* Debug */,
				71158E32291C013200E96D95 /* Release */,
			);
			defaultConfigurationIsVisible = 0;
			defaultConfigurationName = Release;
		};
		71158E33291C013200E96D95 /* Build configuration list for PBXNativeTarget "TwitterClone" */ = {
			isa = XCConfigurationList;
			buildConfigurations = (
				71158E34291C013200E96D95 /* Debug */,
				71158E35291C013200E96D95 /* Release */,
			);
			defaultConfigurationIsVisible = 0;
			defaultConfigurationName = Release;
		};
/* End XCConfigurationList section */

/* Begin XCRemoteSwiftPackageReference section */
		71A22635291E444B00FDBF43 /* XCRemoteSwiftPackageReference "firebase-ios-sdk" */ = {
			isa = XCRemoteSwiftPackageReference;
			repositoryURL = "https://github.com/firebase/firebase-ios-sdk.git";
			requirement = {
				branch = master;
				kind = branch;
			};
		};
		71CB7F6E292171AD006E0715 /* XCRemoteSwiftPackageReference "SDWebImage" */ = {
			isa = XCRemoteSwiftPackageReference;
			repositoryURL = "https://github.com/SDWebImage/SDWebImage.git";
			requirement = {
				branch = master;
				kind = branch;
			};
		};
/* End XCRemoteSwiftPackageReference section */

/* Begin XCSwiftPackageProductDependency section */
		71A22636291E444B00FDBF43 /* FirebaseAuth */ = {
			isa = XCSwiftPackageProductDependency;
			package = 71A22635291E444B00FDBF43 /* XCRemoteSwiftPackageReference "firebase-ios-sdk" */;
			productName = FirebaseAuth;
		};
		71A22638291E444B00FDBF43 /* FirebaseDatabase */ = {
			isa = XCSwiftPackageProductDependency;
			package = 71A22635291E444B00FDBF43 /* XCRemoteSwiftPackageReference "firebase-ios-sdk" */;
			productName = FirebaseDatabase;
		};
		71A2263A291E444B00FDBF43 /* FirebaseFirestore */ = {
			isa = XCSwiftPackageProductDependency;
			package = 71A22635291E444B00FDBF43 /* XCRemoteSwiftPackageReference "firebase-ios-sdk" */;
			productName = FirebaseFirestore;
		};
		71A2263C291E444B00FDBF43 /* FirebaseStorage */ = {
			isa = XCSwiftPackageProductDependency;
			package = 71A22635291E444B00FDBF43 /* XCRemoteSwiftPackageReference "firebase-ios-sdk" */;
			productName = FirebaseStorage;
		};
		71CB7F6F292171AD006E0715 /* SDWebImage */ = {
			isa = XCSwiftPackageProductDependency;
			package = 71CB7F6E292171AD006E0715 /* XCRemoteSwiftPackageReference "SDWebImage" */;
			productName = SDWebImage;
		};
/* End XCSwiftPackageProductDependency section */
	};
	rootObject = 71158E17291C013100E96D95 /* Project object */;
}
